// !$*UTF8*$!
{
	archiveVersion = 1;
	classes = {
	};
	objectVersion = 56;
	objects = {

/* Begin PBXBuildFile section */
		2E04FEE92953C27C00DE3F01 /* TaskTemplateView.swift in Sources */ = {isa = PBXBuildFile; fileRef = 2E04FEE82953C27C00DE3F01 /* TaskTemplateView.swift */; };
		2E04FEEC2953C31000DE3F01 /* CardShape.swift in Sources */ = {isa = PBXBuildFile; fileRef = 2E04FEEB2953C31000DE3F01 /* CardShape.swift */; };
		2E04FEEE2954711500DE3F01 /* TaskView.swift in Sources */ = {isa = PBXBuildFile; fileRef = 2E04FEED2954711500DE3F01 /* TaskView.swift */; };
		2E04FEF02954744100DE3F01 /* TaskItemView.swift in Sources */ = {isa = PBXBuildFile; fileRef = 2E04FEEF2954744100DE3F01 /* TaskItemView.swift */; };
		2E04FEF22954945E00DE3F01 /* AppBarWithBackButtonView.swift in Sources */ = {isa = PBXBuildFile; fileRef = 2E04FEF12954945E00DE3F01 /* AppBarWithBackButtonView.swift */; };
		2E075C1F2951B905007F6D97 /* ListTemplateView.swift in Sources */ = {isa = PBXBuildFile; fileRef = 2E075C1E2951B905007F6D97 /* ListTemplateView.swift */; };
		2E13F0F7295389FD00267198 /* AppBarView.swift in Sources */ = {isa = PBXBuildFile; fileRef = 2E13F0F6295389FD00267198 /* AppBarView.swift */; };
		2E17187C2949422A00969D88 /* RegisterViewModel.swift in Sources */ = {isa = PBXBuildFile; fileRef = 2E17187B2949422A00969D88 /* RegisterViewModel.swift */; };
		2E17187E2949A90B00969D88 /* LoginViewModel.swift in Sources */ = {isa = PBXBuildFile; fileRef = 2E17187D2949A90B00969D88 /* LoginViewModel.swift */; };
		2E1F4FC6295F43F6001D6FD2 /* CreateTaskResponse.swift in Sources */ = {isa = PBXBuildFile; fileRef = 2E1F4FC5295F43F6001D6FD2 /* CreateTaskResponse.swift */; };
		2E1F4FC8295F4565001D6FD2 /* TaskViewModel.swift in Sources */ = {isa = PBXBuildFile; fileRef = 2E1F4FC7295F4565001D6FD2 /* TaskViewModel.swift */; };
		2E40D8AB295B85A00050BC04 /* RegisterService.swift in Sources */ = {isa = PBXBuildFile; fileRef = 2E40D8AA295B85A00050BC04 /* RegisterService.swift */; };
		2E40D8AD295B85AF0050BC04 /* LoginService.swift in Sources */ = {isa = PBXBuildFile; fileRef = 2E40D8AC295B85AF0050BC04 /* LoginService.swift */; };
		2E40D8AF295B85C10050BC04 /* UserService.swift in Sources */ = {isa = PBXBuildFile; fileRef = 2E40D8AE295B85C10050BC04 /* UserService.swift */; };
		2E40D8B1295B85CA0050BC04 /* ListService.swift in Sources */ = {isa = PBXBuildFile; fileRef = 2E40D8B0295B85CA0050BC04 /* ListService.swift */; };
		2E40D8B3295B85D50050BC04 /* TaskService.swift in Sources */ = {isa = PBXBuildFile; fileRef = 2E40D8B2295B85D50050BC04 /* TaskService.swift */; };
		2E42B55A295A10AC0038F5F6 /* AccountModel.swift in Sources */ = {isa = PBXBuildFile; fileRef = 2E42B559295A10AC0038F5F6 /* AccountModel.swift */; };
		2E42B55C295A13D20038F5F6 /* AccountViewModel.swift in Sources */ = {isa = PBXBuildFile; fileRef = 2E42B55B295A13D20038F5F6 /* AccountViewModel.swift */; };
		2E552415294255B400715359 /* MainView.swift in Sources */ = {isa = PBXBuildFile; fileRef = 2E552414294255B400715359 /* MainView.swift */; };
		2E552417294255C600715359 /* HomeView.swift in Sources */ = {isa = PBXBuildFile; fileRef = 2E552416294255C600715359 /* HomeView.swift */; };
		2E552419294255D000715359 /* ListView.swift in Sources */ = {isa = PBXBuildFile; fileRef = 2E552418294255D000715359 /* ListView.swift */; };
		2E55241B294255D800715359 /* ProfileView.swift in Sources */ = {isa = PBXBuildFile; fileRef = 2E55241A294255D800715359 /* ProfileView.swift */; };
		2E620616293FA141001764CE /* LoginView.swift in Sources */ = {isa = PBXBuildFile; fileRef = 2E620615293FA141001764CE /* LoginView.swift */; };
		2E620618293FA190001764CE /* RegisterView.swift in Sources */ = {isa = PBXBuildFile; fileRef = 2E620617293FA190001764CE /* RegisterView.swift */; };
		2E713493294A3976009C2853 /* BottomNavigationBarView.swift in Sources */ = {isa = PBXBuildFile; fileRef = 2E713492294A3976009C2853 /* BottomNavigationBarView.swift */; };
		2E713497294B8E53009C2853 /* TaskModel.swift in Sources */ = {isa = PBXBuildFile; fileRef = 2E713496294B8E53009C2853 /* TaskModel.swift */; };
		2E713499294B8EA9009C2853 /* ListModel.swift in Sources */ = {isa = PBXBuildFile; fileRef = 2E713498294B8EA9009C2853 /* ListModel.swift */; };
		2E8E933A293EAC9800AB134A /* ToDoListApp.swift in Sources */ = {isa = PBXBuildFile; fileRef = 2E8E9339293EAC9800AB134A /* ToDoListApp.swift */; };
		2E8E933E293EAC9900AB134A /* Assets.xcassets in Resources */ = {isa = PBXBuildFile; fileRef = 2E8E933D293EAC9900AB134A /* Assets.xcassets */; };
		2E8E9341293EAC9900AB134A /* Preview Assets.xcassets in Resources */ = {isa = PBXBuildFile; fileRef = 2E8E9340293EAC9900AB134A /* Preview Assets.xcassets */; };
		2EA49FA1295E2A2700096545 /* CreateTaskModalView.swift in Sources */ = {isa = PBXBuildFile; fileRef = 2EA49FA0295E2A2700096545 /* CreateTaskModalView.swift */; };
		2EA49FA3295EFE2B00096545 /* CreateListResponse.swift in Sources */ = {isa = PBXBuildFile; fileRef = 2EA49FA2295EFE2B00096545 /* CreateListResponse.swift */; };
		2EE21B6C295C7F630099657B /* AuthenticationError.swift in Sources */ = {isa = PBXBuildFile; fileRef = 2EE21B6B295C7F630099657B /* AuthenticationError.swift */; };
		2EE21B6E295C7F880099657B /* NetworkError.swift in Sources */ = {isa = PBXBuildFile; fileRef = 2EE21B6D295C7F880099657B /* NetworkError.swift */; };
		2EE21B70295C7FB50099657B /* RegisterModel.swift in Sources */ = {isa = PBXBuildFile; fileRef = 2EE21B6F295C7FB50099657B /* RegisterModel.swift */; };
		2EE21B72295C7FEB0099657B /* LoginModel.swift in Sources */ = {isa = PBXBuildFile; fileRef = 2EE21B71295C7FEB0099657B /* LoginModel.swift */; };
		2EE21B75295C80190099657B /* RegisterResponse.swift in Sources */ = {isa = PBXBuildFile; fileRef = 2EE21B74295C80190099657B /* RegisterResponse.swift */; };
		2EE21B77295C803F0099657B /* LoginResponse.swift in Sources */ = {isa = PBXBuildFile; fileRef = 2EE21B76295C803F0099657B /* LoginResponse.swift */; };
		2EE21B79295C85C90099657B /* GetListResponse.swift in Sources */ = {isa = PBXBuildFile; fileRef = 2EE21B78295C85C90099657B /* GetListResponse.swift */; };
		2EE21B7B295C89D10099657B /* ListViewModel.swift in Sources */ = {isa = PBXBuildFile; fileRef = 2EE21B7A295C89D10099657B /* ListViewModel.swift */; };
		2EE21B7D295E087D0099657B /* ModalViewModel.swift in Sources */ = {isa = PBXBuildFile; fileRef = 2EE21B7C295E087D0099657B /* ModalViewModel.swift */; };
		2EFB2F872954A90C00CC0EEE /* CreateListModalView.swift in Sources */ = {isa = PBXBuildFile; fileRef = 2EFB2F862954A90C00CC0EEE /* CreateListModalView.swift */; };
/* End PBXBuildFile section */

/* Begin PBXFileReference section */
		2E04FEE82953C27C00DE3F01 /* TaskTemplateView.swift */ = {isa = PBXFileReference; lastKnownFileType = sourcecode.swift; path = TaskTemplateView.swift; sourceTree = "<group>"; };
		2E04FEEB2953C31000DE3F01 /* CardShape.swift */ = {isa = PBXFileReference; lastKnownFileType = sourcecode.swift; path = CardShape.swift; sourceTree = "<group>"; };
		2E04FEED2954711500DE3F01 /* TaskView.swift */ = {isa = PBXFileReference; lastKnownFileType = sourcecode.swift; path = TaskView.swift; sourceTree = "<group>"; };
		2E04FEEF2954744100DE3F01 /* TaskItemView.swift */ = {isa = PBXFileReference; lastKnownFileType = sourcecode.swift; path = TaskItemView.swift; sourceTree = "<group>"; };
		2E04FEF12954945E00DE3F01 /* AppBarWithBackButtonView.swift */ = {isa = PBXFileReference; lastKnownFileType = sourcecode.swift; path = AppBarWithBackButtonView.swift; sourceTree = "<group>"; };
		2E075C1E2951B905007F6D97 /* ListTemplateView.swift */ = {isa = PBXFileReference; lastKnownFileType = sourcecode.swift; path = ListTemplateView.swift; sourceTree = "<group>"; };
		2E13F0F6295389FD00267198 /* AppBarView.swift */ = {isa = PBXFileReference; lastKnownFileType = sourcecode.swift; path = AppBarView.swift; sourceTree = "<group>"; };
		2E17187B2949422A00969D88 /* RegisterViewModel.swift */ = {isa = PBXFileReference; lastKnownFileType = sourcecode.swift; path = RegisterViewModel.swift; sourceTree = "<group>"; };
		2E17187D2949A90B00969D88 /* LoginViewModel.swift */ = {isa = PBXFileReference; lastKnownFileType = sourcecode.swift; path = LoginViewModel.swift; sourceTree = "<group>"; };
		2E1F4FC5295F43F6001D6FD2 /* CreateTaskResponse.swift */ = {isa = PBXFileReference; lastKnownFileType = sourcecode.swift; path = CreateTaskResponse.swift; sourceTree = "<group>"; };
		2E1F4FC7295F4565001D6FD2 /* TaskViewModel.swift */ = {isa = PBXFileReference; lastKnownFileType = sourcecode.swift; path = TaskViewModel.swift; sourceTree = "<group>"; };
		2E40D8AA295B85A00050BC04 /* RegisterService.swift */ = {isa = PBXFileReference; lastKnownFileType = sourcecode.swift; path = RegisterService.swift; sourceTree = "<group>"; };
		2E40D8AC295B85AF0050BC04 /* LoginService.swift */ = {isa = PBXFileReference; lastKnownFileType = sourcecode.swift; path = LoginService.swift; sourceTree = "<group>"; };
		2E40D8AE295B85C10050BC04 /* UserService.swift */ = {isa = PBXFileReference; lastKnownFileType = sourcecode.swift; path = UserService.swift; sourceTree = "<group>"; };
		2E40D8B0295B85CA0050BC04 /* ListService.swift */ = {isa = PBXFileReference; lastKnownFileType = sourcecode.swift; path = ListService.swift; sourceTree = "<group>"; };
		2E40D8B2295B85D50050BC04 /* TaskService.swift */ = {isa = PBXFileReference; lastKnownFileType = sourcecode.swift; path = TaskService.swift; sourceTree = "<group>"; };
		2E42B559295A10AC0038F5F6 /* AccountModel.swift */ = {isa = PBXFileReference; lastKnownFileType = sourcecode.swift; path = AccountModel.swift; sourceTree = "<group>"; };
		2E42B55B295A13D20038F5F6 /* AccountViewModel.swift */ = {isa = PBXFileReference; lastKnownFileType = sourcecode.swift; path = AccountViewModel.swift; sourceTree = "<group>"; };
		2E552414294255B400715359 /* MainView.swift */ = {isa = PBXFileReference; lastKnownFileType = sourcecode.swift; path = MainView.swift; sourceTree = "<group>"; };
		2E552416294255C600715359 /* HomeView.swift */ = {isa = PBXFileReference; lastKnownFileType = sourcecode.swift; path = HomeView.swift; sourceTree = "<group>"; };
		2E552418294255D000715359 /* ListView.swift */ = {isa = PBXFileReference; lastKnownFileType = sourcecode.swift; path = ListView.swift; sourceTree = "<group>"; };
		2E55241A294255D800715359 /* ProfileView.swift */ = {isa = PBXFileReference; lastKnownFileType = sourcecode.swift; path = ProfileView.swift; sourceTree = "<group>"; };
		2E620615293FA141001764CE /* LoginView.swift */ = {isa = PBXFileReference; lastKnownFileType = sourcecode.swift; path = LoginView.swift; sourceTree = "<group>"; };
		2E620617293FA190001764CE /* RegisterView.swift */ = {isa = PBXFileReference; lastKnownFileType = sourcecode.swift; path = RegisterView.swift; sourceTree = "<group>"; };
		2E713492294A3976009C2853 /* BottomNavigationBarView.swift */ = {isa = PBXFileReference; lastKnownFileType = sourcecode.swift; path = BottomNavigationBarView.swift; sourceTree = "<group>"; };
		2E713496294B8E53009C2853 /* TaskModel.swift */ = {isa = PBXFileReference; lastKnownFileType = sourcecode.swift; path = TaskModel.swift; sourceTree = "<group>"; };
		2E713498294B8EA9009C2853 /* ListModel.swift */ = {isa = PBXFileReference; lastKnownFileType = sourcecode.swift; path = ListModel.swift; sourceTree = "<group>"; };
		2E8E9336293EAC9800AB134A /* ToDoList.app */ = {isa = PBXFileReference; explicitFileType = wrapper.application; includeInIndex = 0; path = ToDoList.app; sourceTree = BUILT_PRODUCTS_DIR; };
		2E8E9339293EAC9800AB134A /* ToDoListApp.swift */ = {isa = PBXFileReference; lastKnownFileType = sourcecode.swift; path = ToDoListApp.swift; sourceTree = "<group>"; };
		2E8E933D293EAC9900AB134A /* Assets.xcassets */ = {isa = PBXFileReference; lastKnownFileType = folder.assetcatalog; path = Assets.xcassets; sourceTree = "<group>"; };
		2E8E9340293EAC9900AB134A /* Preview Assets.xcassets */ = {isa = PBXFileReference; lastKnownFileType = folder.assetcatalog; path = "Preview Assets.xcassets"; sourceTree = "<group>"; };
		2EA49FA0295E2A2700096545 /* CreateTaskModalView.swift */ = {isa = PBXFileReference; lastKnownFileType = sourcecode.swift; path = CreateTaskModalView.swift; sourceTree = "<group>"; };
		2EA49FA2295EFE2B00096545 /* CreateListResponse.swift */ = {isa = PBXFileReference; lastKnownFileType = sourcecode.swift; path = CreateListResponse.swift; sourceTree = "<group>"; };
		2EE21B6B295C7F630099657B /* AuthenticationError.swift */ = {isa = PBXFileReference; lastKnownFileType = sourcecode.swift; path = AuthenticationError.swift; sourceTree = "<group>"; };
		2EE21B6D295C7F880099657B /* NetworkError.swift */ = {isa = PBXFileReference; lastKnownFileType = sourcecode.swift; path = NetworkError.swift; sourceTree = "<group>"; };
		2EE21B6F295C7FB50099657B /* RegisterModel.swift */ = {isa = PBXFileReference; lastKnownFileType = sourcecode.swift; path = RegisterModel.swift; sourceTree = "<group>"; };
		2EE21B71295C7FEB0099657B /* LoginModel.swift */ = {isa = PBXFileReference; lastKnownFileType = sourcecode.swift; path = LoginModel.swift; sourceTree = "<group>"; };
		2EE21B74295C80190099657B /* RegisterResponse.swift */ = {isa = PBXFileReference; lastKnownFileType = sourcecode.swift; path = RegisterResponse.swift; sourceTree = "<group>"; };
		2EE21B76295C803F0099657B /* LoginResponse.swift */ = {isa = PBXFileReference; lastKnownFileType = sourcecode.swift; path = LoginResponse.swift; sourceTree = "<group>"; };
		2EE21B78295C85C90099657B /* GetListResponse.swift */ = {isa = PBXFileReference; lastKnownFileType = sourcecode.swift; path = GetListResponse.swift; sourceTree = "<group>"; };
		2EE21B7A295C89D10099657B /* ListViewModel.swift */ = {isa = PBXFileReference; lastKnownFileType = sourcecode.swift; path = ListViewModel.swift; sourceTree = "<group>"; };
		2EE21B7C295E087D0099657B /* ModalViewModel.swift */ = {isa = PBXFileReference; lastKnownFileType = sourcecode.swift; path = ModalViewModel.swift; sourceTree = "<group>"; };
		2EFB2F862954A90C00CC0EEE /* CreateListModalView.swift */ = {isa = PBXFileReference; lastKnownFileType = sourcecode.swift; path = CreateListModalView.swift; sourceTree = "<group>"; };
/* End PBXFileReference section */

/* Begin PBXFrameworksBuildPhase section */
		2E8E9333293EAC9800AB134A /* Frameworks */ = {
			isa = PBXFrameworksBuildPhase;
			buildActionMask = 2147483647;
			files = (
			);
			runOnlyForDeploymentPostprocessing = 0;
		};
/* End PBXFrameworksBuildPhase section */

/* Begin PBXGroup section */
		2E04FEEA2953C2EB00DE3F01 /* Utilities */ = {
			isa = PBXGroup;
			children = (
				2E04FEEB2953C31000DE3F01 /* CardShape.swift */,
			);
			path = Utilities;
			sourceTree = "<group>";
		};
		2E1718772948BDB900969D88 /* Services */ = {
			isa = PBXGroup;
			children = (
				2E40D8AA295B85A00050BC04 /* RegisterService.swift */,
				2E40D8AC295B85AF0050BC04 /* LoginService.swift */,
				2E40D8AE295B85C10050BC04 /* UserService.swift */,
				2E40D8B0295B85CA0050BC04 /* ListService.swift */,
				2E40D8B2295B85D50050BC04 /* TaskService.swift */,
			);
			path = Services;
			sourceTree = "<group>";
		};
		2E1718782948BDCB00969D88 /* ViewModels */ = {
			isa = PBXGroup;
			children = (
				2E17187B2949422A00969D88 /* RegisterViewModel.swift */,
				2E17187D2949A90B00969D88 /* LoginViewModel.swift */,
				2E42B55B295A13D20038F5F6 /* AccountViewModel.swift */,
				2EE21B7A295C89D10099657B /* ListViewModel.swift */,
				2EE21B7C295E087D0099657B /* ModalViewModel.swift */,
				2E1F4FC7295F4565001D6FD2 /* TaskViewModel.swift */,
			);
			path = ViewModels;
			sourceTree = "<group>";
		};
		2E40D8B4295B861A0050BC04 /* Errors */ = {
			isa = PBXGroup;
			children = (
				2EE21B6B295C7F630099657B /* AuthenticationError.swift */,
				2EE21B6D295C7F880099657B /* NetworkError.swift */,
			);
			path = Errors;
			sourceTree = "<group>";
		};
		2E62061D293FC836001764CE /* Models */ = {
			isa = PBXGroup;
			children = (
				2E713496294B8E53009C2853 /* TaskModel.swift */,
				2E713498294B8EA9009C2853 /* ListModel.swift */,
				2E42B559295A10AC0038F5F6 /* AccountModel.swift */,
				2EE21B6F295C7FB50099657B /* RegisterModel.swift */,
				2EE21B71295C7FEB0099657B /* LoginModel.swift */,
			);
			path = Models;
			sourceTree = "<group>";
		};
		2E713494294A68F3009C2853 /* Screen Views */ = {
			isa = PBXGroup;
			children = (
				2EFB2F882954B8AB00CC0EEE /* Home */,
				2EFB2F892954B8BD00CC0EEE /* List */,
				2EFB2F8A2954B8C600CC0EEE /* Profile */,
				2EFB2F8B2954B8CF00CC0EEE /* Task */,
			);
			path = "Screen Views";
			sourceTree = "<group>";
		};
		2E713495294A690A009C2853 /* Custom Views */ = {
			isa = PBXGroup;
			children = (
				2EFB2F852954A85200CC0EEE /* Modal */,
				2EFB2F812954A7F400CC0EEE /* BottomNavigationBar */,
				2EFB2F822954A80500CC0EEE /* List */,
				2EFB2F832954A81200CC0EEE /* AppBar */,
				2EFB2F842954A81D00CC0EEE /* Task */,
			);
			path = "Custom Views";
			sourceTree = "<group>";
		};
		2E8E932D293EAC9800AB134A = {
			isa = PBXGroup;
			children = (
				2E8E9338293EAC9800AB134A /* ToDoList */,
				2E8E9337293EAC9800AB134A /* Products */,
			);
			sourceTree = "<group>";
		};
		2E8E9337293EAC9800AB134A /* Products */ = {
			isa = PBXGroup;
			children = (
				2E8E9336293EAC9800AB134A /* ToDoList.app */,
			);
			name = Products;
			sourceTree = "<group>";
		};
		2E8E9338293EAC9800AB134A /* ToDoList */ = {
			isa = PBXGroup;
			children = (
				2EE21B73295C80050099657B /* Responses */,
				2E40D8B4295B861A0050BC04 /* Errors */,
				2E04FEEA2953C2EB00DE3F01 /* Utilities */,
				2E1718782948BDCB00969D88 /* ViewModels */,
				2E1718772948BDB900969D88 /* Services */,
				2E62061D293FC836001764CE /* Models */,
				2E8E9348293EAD6400AB134A /* Views */,
				2E8E9339293EAC9800AB134A /* ToDoListApp.swift */,
				2E8E9347293EAD5700AB134A /* Screens */,
				2E8E933D293EAC9900AB134A /* Assets.xcassets */,
				2E8E933F293EAC9900AB134A /* Preview Content */,
			);
			path = ToDoList;
			sourceTree = "<group>";
		};
		2E8E933F293EAC9900AB134A /* Preview Content */ = {
			isa = PBXGroup;
			children = (
				2E8E9340293EAC9900AB134A /* Preview Assets.xcassets */,
			);
			path = "Preview Content";
			sourceTree = "<group>";
		};
		2E8E9347293EAD5700AB134A /* Screens */ = {
			isa = PBXGroup;
			children = (
				2EFB2F8C2954B8DB00CC0EEE /* Login */,
				2EFB2F8D2954B8E200CC0EEE /* Register */,
				2EFB2F8E2954B8E800CC0EEE /* Main */,
			);
			path = Screens;
			sourceTree = "<group>";
		};
		2E8E9348293EAD6400AB134A /* Views */ = {
			isa = PBXGroup;
			children = (
				2E713494294A68F3009C2853 /* Screen Views */,
				2E713495294A690A009C2853 /* Custom Views */,
			);
			path = Views;
			sourceTree = "<group>";
		};
		2EE21B73295C80050099657B /* Responses */ = {
			isa = PBXGroup;
			children = (
				2EE21B74295C80190099657B /* RegisterResponse.swift */,
				2EE21B76295C803F0099657B /* LoginResponse.swift */,
				2EE21B78295C85C90099657B /* GetListResponse.swift */,
				2EA49FA2295EFE2B00096545 /* CreateListResponse.swift */,
				2E1F4FC5295F43F6001D6FD2 /* CreateTaskResponse.swift */,
			);
			path = Responses;
			sourceTree = "<group>";
		};
		2EFB2F812954A7F400CC0EEE /* BottomNavigationBar */ = {
			isa = PBXGroup;
			children = (
				2E713492294A3976009C2853 /* BottomNavigationBarView.swift */,
			);
			path = BottomNavigationBar;
			sourceTree = "<group>";
		};
		2EFB2F822954A80500CC0EEE /* List */ = {
			isa = PBXGroup;
			children = (
				2E075C1E2951B905007F6D97 /* ListTemplateView.swift */,
			);
			path = List;
			sourceTree = "<group>";
		};
		2EFB2F832954A81200CC0EEE /* AppBar */ = {
			isa = PBXGroup;
			children = (
				2E13F0F6295389FD00267198 /* AppBarView.swift */,
				2E04FEF12954945E00DE3F01 /* AppBarWithBackButtonView.swift */,
			);
			path = AppBar;
			sourceTree = "<group>";
		};
		2EFB2F842954A81D00CC0EEE /* Task */ = {
			isa = PBXGroup;
			children = (
				2E04FEE82953C27C00DE3F01 /* TaskTemplateView.swift */,
				2E04FEEF2954744100DE3F01 /* TaskItemView.swift */,
			);
			path = Task;
			sourceTree = "<group>";
		};
		2EFB2F852954A85200CC0EEE /* Modal */ = {
			isa = PBXGroup;
			children = (
				2EFB2F862954A90C00CC0EEE /* CreateListModalView.swift */,
				2EA49FA0295E2A2700096545 /* CreateTaskModalView.swift */,
			);
			path = Modal;
			sourceTree = "<group>";
		};
		2EFB2F882954B8AB00CC0EEE /* Home */ = {
			isa = PBXGroup;
			children = (
				2E552416294255C600715359 /* HomeView.swift */,
			);
			path = Home;
			sourceTree = "<group>";
		};
		2EFB2F892954B8BD00CC0EEE /* List */ = {
			isa = PBXGroup;
			children = (
				2E552418294255D000715359 /* ListView.swift */,
			);
			path = List;
			sourceTree = "<group>";
		};
		2EFB2F8A2954B8C600CC0EEE /* Profile */ = {
			isa = PBXGroup;
			children = (
				2E55241A294255D800715359 /* ProfileView.swift */,
			);
			path = Profile;
			sourceTree = "<group>";
		};
		2EFB2F8B2954B8CF00CC0EEE /* Task */ = {
			isa = PBXGroup;
			children = (
				2E04FEED2954711500DE3F01 /* TaskView.swift */,
			);
			path = Task;
			sourceTree = "<group>";
		};
		2EFB2F8C2954B8DB00CC0EEE /* Login */ = {
			isa = PBXGroup;
			children = (
				2E620615293FA141001764CE /* LoginView.swift */,
			);
			path = Login;
			sourceTree = "<group>";
		};
		2EFB2F8D2954B8E200CC0EEE /* Register */ = {
			isa = PBXGroup;
			children = (
				2E620617293FA190001764CE /* RegisterView.swift */,
			);
			path = Register;
			sourceTree = "<group>";
		};
		2EFB2F8E2954B8E800CC0EEE /* Main */ = {
			isa = PBXGroup;
			children = (
				2E552414294255B400715359 /* MainView.swift */,
			);
			path = Main;
			sourceTree = "<group>";
		};
/* End PBXGroup section */

/* Begin PBXNativeTarget section */
		2E8E9335293EAC9800AB134A /* ToDoList */ = {
			isa = PBXNativeTarget;
			buildConfigurationList = 2E8E9344293EAC9900AB134A /* Build configuration list for PBXNativeTarget "ToDoList" */;
			buildPhases = (
				2E8E9332293EAC9800AB134A /* Sources */,
				2E8E9333293EAC9800AB134A /* Frameworks */,
				2E8E9334293EAC9800AB134A /* Resources */,
			);
			buildRules = (
			);
			dependencies = (
			);
			name = ToDoList;
			productName = ToDoList;
			productReference = 2E8E9336293EAC9800AB134A /* ToDoList.app */;
			productType = "com.apple.product-type.application";
		};
/* End PBXNativeTarget section */

/* Begin PBXProject section */
		2E8E932E293EAC9800AB134A /* Project object */ = {
			isa = PBXProject;
			attributes = {
				BuildIndependentTargetsInParallel = 1;
				LastSwiftUpdateCheck = 1410;
				LastUpgradeCheck = 1410;
				TargetAttributes = {
					2E8E9335293EAC9800AB134A = {
						CreatedOnToolsVersion = 14.1;
					};
				};
			};
			buildConfigurationList = 2E8E9331293EAC9800AB134A /* Build configuration list for PBXProject "ToDoList" */;
			compatibilityVersion = "Xcode 14.0";
			developmentRegion = en;
			hasScannedForEncodings = 0;
			knownRegions = (
				en,
				Base,
			);
			mainGroup = 2E8E932D293EAC9800AB134A;
			productRefGroup = 2E8E9337293EAC9800AB134A /* Products */;
			projectDirPath = "";
			projectRoot = "";
			targets = (
				2E8E9335293EAC9800AB134A /* ToDoList */,
			);
		};
/* End PBXProject section */

/* Begin PBXResourcesBuildPhase section */
		2E8E9334293EAC9800AB134A /* Resources */ = {
			isa = PBXResourcesBuildPhase;
			buildActionMask = 2147483647;
			files = (
				2E8E9341293EAC9900AB134A /* Preview Assets.xcassets in Resources */,
				2E8E933E293EAC9900AB134A /* Assets.xcassets in Resources */,
			);
			runOnlyForDeploymentPostprocessing = 0;
		};
/* End PBXResourcesBuildPhase section */

/* Begin PBXSourcesBuildPhase section */
		2E8E9332293EAC9800AB134A /* Sources */ = {
			isa = PBXSourcesBuildPhase;
			buildActionMask = 2147483647;
			files = (
				2EE21B6C295C7F630099657B /* AuthenticationError.swift in Sources */,
				2E713493294A3976009C2853 /* BottomNavigationBarView.swift in Sources */,
				2E04FEF22954945E00DE3F01 /* AppBarWithBackButtonView.swift in Sources */,
				2E04FEF02954744100DE3F01 /* TaskItemView.swift in Sources */,
				2EA49FA1295E2A2700096545 /* CreateTaskModalView.swift in Sources */,
				2E04FEEE2954711500DE3F01 /* TaskView.swift in Sources */,
				2E552417294255C600715359 /* HomeView.swift in Sources */,
				2E075C1F2951B905007F6D97 /* ListTemplateView.swift in Sources */,
				2E40D8AF295B85C10050BC04 /* UserService.swift in Sources */,
				2EE21B7D295E087D0099657B /* ModalViewModel.swift in Sources */,
				2E40D8AB295B85A00050BC04 /* RegisterService.swift in Sources */,
				2EE21B6E295C7F880099657B /* NetworkError.swift in Sources */,
				2E552419294255D000715359 /* ListView.swift in Sources */,
				2E1F4FC8295F4565001D6FD2 /* TaskViewModel.swift in Sources */,
				2E552415294255B400715359 /* MainView.swift in Sources */,
				2EE21B75295C80190099657B /* RegisterResponse.swift in Sources */,
				2E620616293FA141001764CE /* LoginView.swift in Sources */,
				2EE21B7B295C89D10099657B /* ListViewModel.swift in Sources */,
				2E42B55C295A13D20038F5F6 /* AccountViewModel.swift in Sources */,
				2E42B55A295A10AC0038F5F6 /* AccountModel.swift in Sources */,
				2E620618293FA190001764CE /* RegisterView.swift in Sources */,
				2E713497294B8E53009C2853 /* TaskModel.swift in Sources */,
				2E55241B294255D800715359 /* ProfileView.swift in Sources */,
				2E04FEEC2953C31000DE3F01 /* CardShape.swift in Sources */,
				2E40D8B1295B85CA0050BC04 /* ListService.swift in Sources */,
				2EA49FA3295EFE2B00096545 /* CreateListResponse.swift in Sources */,
				2EE21B72295C7FEB0099657B /* LoginModel.swift in Sources */,
				2E17187C2949422A00969D88 /* RegisterViewModel.swift in Sources */,
				2E04FEE92953C27C00DE3F01 /* TaskTemplateView.swift in Sources */,
				2EE21B79295C85C90099657B /* GetListResponse.swift in Sources */,
				2E713499294B8EA9009C2853 /* ListModel.swift in Sources */,
				2E17187E2949A90B00969D88 /* LoginViewModel.swift in Sources */,
				2EFB2F872954A90C00CC0EEE /* CreateListModalView.swift in Sources */,
				2E40D8B3295B85D50050BC04 /* TaskService.swift in Sources */,
				2E40D8AD295B85AF0050BC04 /* LoginService.swift in Sources */,
				2E8E933A293EAC9800AB134A /* ToDoListApp.swift in Sources */,
				2E13F0F7295389FD00267198 /* AppBarView.swift in Sources */,
				2EE21B77295C803F0099657B /* LoginResponse.swift in Sources */,
				2E1F4FC6295F43F6001D6FD2 /* CreateTaskResponse.swift in Sources */,
				2EE21B70295C7FB50099657B /* RegisterModel.swift in Sources */,
			);
			runOnlyForDeploymentPostprocessing = 0;
		};
/* End PBXSourcesBuildPhase section */

/* Begin XCBuildConfiguration section */
		2E8E9342293EAC9900AB134A /* Debug */ = {
			isa = XCBuildConfiguration;
			buildSettings = {
				ALWAYS_SEARCH_USER_PATHS = NO;
				CLANG_ANALYZER_NONNULL = YES;
				CLANG_ANALYZER_NUMBER_OBJECT_CONVERSION = YES_AGGRESSIVE;
				CLANG_CXX_LANGUAGE_STANDARD = "gnu++20";
				CLANG_ENABLE_MODULES = YES;
				CLANG_ENABLE_OBJC_ARC = YES;
				CLANG_ENABLE_OBJC_WEAK = YES;
				CLANG_WARN_BLOCK_CAPTURE_AUTORELEASING = YES;
				CLANG_WARN_BOOL_CONVERSION = YES;
				CLANG_WARN_COMMA = YES;
				CLANG_WARN_CONSTANT_CONVERSION = YES;
				CLANG_WARN_DEPRECATED_OBJC_IMPLEMENTATIONS = YES;
				CLANG_WARN_DIRECT_OBJC_ISA_USAGE = YES_ERROR;
				CLANG_WARN_DOCUMENTATION_COMMENTS = YES;
				CLANG_WARN_EMPTY_BODY = YES;
				CLANG_WARN_ENUM_CONVERSION = YES;
				CLANG_WARN_INFINITE_RECURSION = YES;
				CLANG_WARN_INT_CONVERSION = YES;
				CLANG_WARN_NON_LITERAL_NULL_CONVERSION = YES;
				CLANG_WARN_OBJC_IMPLICIT_RETAIN_SELF = YES;
				CLANG_WARN_OBJC_LITERAL_CONVERSION = YES;
				CLANG_WARN_OBJC_ROOT_CLASS = YES_ERROR;
				CLANG_WARN_QUOTED_INCLUDE_IN_FRAMEWORK_HEADER = YES;
				CLANG_WARN_RANGE_LOOP_ANALYSIS = YES;
				CLANG_WARN_STRICT_PROTOTYPES = YES;
				CLANG_WARN_SUSPICIOUS_MOVE = YES;
				CLANG_WARN_UNGUARDED_AVAILABILITY = YES_AGGRESSIVE;
				CLANG_WARN_UNREACHABLE_CODE = YES;
				CLANG_WARN__DUPLICATE_METHOD_MATCH = YES;
				COPY_PHASE_STRIP = NO;
				DEBUG_INFORMATION_FORMAT = dwarf;
				ENABLE_STRICT_OBJC_MSGSEND = YES;
				ENABLE_TESTABILITY = YES;
				GCC_C_LANGUAGE_STANDARD = gnu11;
				GCC_DYNAMIC_NO_PIC = NO;
				GCC_NO_COMMON_BLOCKS = YES;
				GCC_OPTIMIZATION_LEVEL = 0;
				GCC_PREPROCESSOR_DEFINITIONS = (
					"DEBUG=1",
					"$(inherited)",
				);
				GCC_WARN_64_TO_32_BIT_CONVERSION = YES;
				GCC_WARN_ABOUT_RETURN_TYPE = YES_ERROR;
				GCC_WARN_UNDECLARED_SELECTOR = YES;
				GCC_WARN_UNINITIALIZED_AUTOS = YES_AGGRESSIVE;
				GCC_WARN_UNUSED_FUNCTION = YES;
				GCC_WARN_UNUSED_VARIABLE = YES;
				IPHONEOS_DEPLOYMENT_TARGET = 16.1;
				MTL_ENABLE_DEBUG_INFO = INCLUDE_SOURCE;
				MTL_FAST_MATH = YES;
				ONLY_ACTIVE_ARCH = YES;
				SDKROOT = iphoneos;
				SWIFT_ACTIVE_COMPILATION_CONDITIONS = DEBUG;
				SWIFT_OPTIMIZATION_LEVEL = "-Onone";
			};
			name = Debug;
		};
		2E8E9343293EAC9900AB134A /* Release */ = {
			isa = XCBuildConfiguration;
			buildSettings = {
				ALWAYS_SEARCH_USER_PATHS = NO;
				CLANG_ANALYZER_NONNULL = YES;
				CLANG_ANALYZER_NUMBER_OBJECT_CONVERSION = YES_AGGRESSIVE;
				CLANG_CXX_LANGUAGE_STANDARD = "gnu++20";
				CLANG_ENABLE_MODULES = YES;
				CLANG_ENABLE_OBJC_ARC = YES;
				CLANG_ENABLE_OBJC_WEAK = YES;
				CLANG_WARN_BLOCK_CAPTURE_AUTORELEASING = YES;
				CLANG_WARN_BOOL_CONVERSION = YES;
				CLANG_WARN_COMMA = YES;
				CLANG_WARN_CONSTANT_CONVERSION = YES;
				CLANG_WARN_DEPRECATED_OBJC_IMPLEMENTATIONS = YES;
				CLANG_WARN_DIRECT_OBJC_ISA_USAGE = YES_ERROR;
				CLANG_WARN_DOCUMENTATION_COMMENTS = YES;
				CLANG_WARN_EMPTY_BODY = YES;
				CLANG_WARN_ENUM_CONVERSION = YES;
				CLANG_WARN_INFINITE_RECURSION = YES;
				CLANG_WARN_INT_CONVERSION = YES;
				CLANG_WARN_NON_LITERAL_NULL_CONVERSION = YES;
				CLANG_WARN_OBJC_IMPLICIT_RETAIN_SELF = YES;
				CLANG_WARN_OBJC_LITERAL_CONVERSION = YES;
				CLANG_WARN_OBJC_ROOT_CLASS = YES_ERROR;
				CLANG_WARN_QUOTED_INCLUDE_IN_FRAMEWORK_HEADER = YES;
				CLANG_WARN_RANGE_LOOP_ANALYSIS = YES;
				CLANG_WARN_STRICT_PROTOTYPES = YES;
				CLANG_WARN_SUSPICIOUS_MOVE = YES;
				CLANG_WARN_UNGUARDED_AVAILABILITY = YES_AGGRESSIVE;
				CLANG_WARN_UNREACHABLE_CODE = YES;
				CLANG_WARN__DUPLICATE_METHOD_MATCH = YES;
				COPY_PHASE_STRIP = NO;
				DEBUG_INFORMATION_FORMAT = "dwarf-with-dsym";
				ENABLE_NS_ASSERTIONS = NO;
				ENABLE_STRICT_OBJC_MSGSEND = YES;
				GCC_C_LANGUAGE_STANDARD = gnu11;
				GCC_NO_COMMON_BLOCKS = YES;
				GCC_WARN_64_TO_32_BIT_CONVERSION = YES;
				GCC_WARN_ABOUT_RETURN_TYPE = YES_ERROR;
				GCC_WARN_UNDECLARED_SELECTOR = YES;
				GCC_WARN_UNINITIALIZED_AUTOS = YES_AGGRESSIVE;
				GCC_WARN_UNUSED_FUNCTION = YES;
				GCC_WARN_UNUSED_VARIABLE = YES;
				IPHONEOS_DEPLOYMENT_TARGET = 16.1;
				MTL_ENABLE_DEBUG_INFO = NO;
				MTL_FAST_MATH = YES;
				SDKROOT = iphoneos;
				SWIFT_COMPILATION_MODE = wholemodule;
				SWIFT_OPTIMIZATION_LEVEL = "-O";
				VALIDATE_PRODUCT = YES;
			};
			name = Release;
		};
		2E8E9345293EAC9900AB134A /* Debug */ = {
			isa = XCBuildConfiguration;
			buildSettings = {
				ASSETCATALOG_COMPILER_APPICON_NAME = AppIcon;
				ASSETCATALOG_COMPILER_GLOBAL_ACCENT_COLOR_NAME = AccentColor;
				CODE_SIGN_STYLE = Automatic;
				CURRENT_PROJECT_VERSION = 1;
				DEVELOPMENT_ASSET_PATHS = "\"ToDoList/Preview Content\"";
				DEVELOPMENT_TEAM = K2GZT8VA4V;
				ENABLE_PREVIEWS = YES;
				GENERATE_INFOPLIST_FILE = YES;
				INFOPLIST_KEY_UIApplicationSceneManifest_Generation = YES;
				INFOPLIST_KEY_UIApplicationSupportsIndirectInputEvents = YES;
				INFOPLIST_KEY_UILaunchScreen_Generation = YES;
				INFOPLIST_KEY_UISupportedInterfaceOrientations_iPad = "UIInterfaceOrientationPortrait UIInterfaceOrientationPortraitUpsideDown UIInterfaceOrientationLandscapeLeft UIInterfaceOrientationLandscapeRight";
				INFOPLIST_KEY_UISupportedInterfaceOrientations_iPhone = "UIInterfaceOrientationPortrait UIInterfaceOrientationLandscapeLeft UIInterfaceOrientationLandscapeRight";
				LD_RUNPATH_SEARCH_PATHS = (
					"$(inherited)",
					"@executable_path/Frameworks",
				);
				MARKETING_VERSION = 1.0;
				PRODUCT_BUNDLE_IDENTIFIER = com.ardijorganxhi.ToDoList;
				PRODUCT_NAME = "$(TARGET_NAME)";
				SWIFT_EMIT_LOC_STRINGS = YES;
				SWIFT_VERSION = 5.0;
				TARGETED_DEVICE_FAMILY = "1,2";
			};
			name = Debug;
		};
		2E8E9346293EAC9900AB134A /* Release */ = {
			isa = XCBuildConfiguration;
			buildSettings = {
				ASSETCATALOG_COMPILER_APPICON_NAME = AppIcon;
				ASSETCATALOG_COMPILER_GLOBAL_ACCENT_COLOR_NAME = AccentColor;
				CODE_SIGN_STYLE = Automatic;
				CURRENT_PROJECT_VERSION = 1;
				DEVELOPMENT_ASSET_PATHS = "\"ToDoList/Preview Content\"";
				DEVELOPMENT_TEAM = K2GZT8VA4V;
				ENABLE_PREVIEWS = YES;
				GENERATE_INFOPLIST_FILE = YES;
				INFOPLIST_KEY_UIApplicationSceneManifest_Generation = YES;
				INFOPLIST_KEY_UIApplicationSupportsIndirectInputEvents = YES;
				INFOPLIST_KEY_UILaunchScreen_Generation = YES;
				INFOPLIST_KEY_UISupportedInterfaceOrientations_iPad = "UIInterfaceOrientationPortrait UIInterfaceOrientationPortraitUpsideDown UIInterfaceOrientationLandscapeLeft UIInterfaceOrientationLandscapeRight";
				INFOPLIST_KEY_UISupportedInterfaceOrientations_iPhone = "UIInterfaceOrientationPortrait UIInterfaceOrientationLandscapeLeft UIInterfaceOrientationLandscapeRight";
				LD_RUNPATH_SEARCH_PATHS = (
					"$(inherited)",
					"@executable_path/Frameworks",
				);
				MARKETING_VERSION = 1.0;
				PRODUCT_BUNDLE_IDENTIFIER = com.ardijorganxhi.ToDoList;
				PRODUCT_NAME = "$(TARGET_NAME)";
				SWIFT_EMIT_LOC_STRINGS = YES;
				SWIFT_VERSION = 5.0;
				TARGETED_DEVICE_FAMILY = "1,2";
			};
			name = Release;
		};
/* End XCBuildConfiguration section */

/* Begin XCConfigurationList section */
		2E8E9331293EAC9800AB134A /* Build configuration list for PBXProject "ToDoList" */ = {
			isa = XCConfigurationList;
			buildConfigurations = (
				2E8E9342293EAC9900AB134A /* Debug */,
				2E8E9343293EAC9900AB134A /* Release */,
			);
			defaultConfigurationIsVisible = 0;
			defaultConfigurationName = Release;
		};
		2E8E9344293EAC9900AB134A /* Build configuration list for PBXNativeTarget "ToDoList" */ = {
			isa = XCConfigurationList;
			buildConfigurations = (
				2E8E9345293EAC9900AB134A /* Debug */,
				2E8E9346293EAC9900AB134A /* Release */,
			);
			defaultConfigurationIsVisible = 0;
			defaultConfigurationName = Release;
		};
/* End XCConfigurationList section */
	};
	rootObject = 2E8E932E293EAC9800AB134A /* Project object */;
}
