// !$*UTF8*$!
{
	archiveVersion = 1;
	classes = {
	};
	objectVersion = 56;
	objects = {

/* Begin PBXBuildFile section */
		2E5F3F272968935B00678F0C /* AppDelegate.swift in Sources */ = {isa = PBXBuildFile; fileRef = 2E5F3F262968935B00678F0C /* AppDelegate.swift */; };
		2E5F3F292968935B00678F0C /* SceneDelegate.swift in Sources */ = {isa = PBXBuildFile; fileRef = 2E5F3F282968935B00678F0C /* SceneDelegate.swift */; };
		2E5F3F2B2968935B00678F0C /* LoginViewController.swift in Sources */ = {isa = PBXBuildFile; fileRef = 2E5F3F2A2968935B00678F0C /* LoginViewController.swift */; };
		2E5F3F2E2968935B00678F0C /* Main.storyboard in Resources */ = {isa = PBXBuildFile; fileRef = 2E5F3F2C2968935B00678F0C /* Main.storyboard */; };
		2E5F3F302968935D00678F0C /* Assets.xcassets in Resources */ = {isa = PBXBuildFile; fileRef = 2E5F3F2F2968935D00678F0C /* Assets.xcassets */; };
		2E5F3F332968935D00678F0C /* LaunchScreen.storyboard in Resources */ = {isa = PBXBuildFile; fileRef = 2E5F3F312968935D00678F0C /* LaunchScreen.storyboard */; };
		2E5F3F3F2968BAB400678F0C /* NetworkError.swift in Sources */ = {isa = PBXBuildFile; fileRef = 2E5F3F3E2968BAB400678F0C /* NetworkError.swift */; };
		2E5F3F412968BAC000678F0C /* AuthenticationError.swift in Sources */ = {isa = PBXBuildFile; fileRef = 2E5F3F402968BAC000678F0C /* AuthenticationError.swift */; };
		2E5F3F432968BAC900678F0C /* RegisterModel.swift in Sources */ = {isa = PBXBuildFile; fileRef = 2E5F3F422968BAC900678F0C /* RegisterModel.swift */; };
		2E5F3F452968BB0E00678F0C /* LoginModel.swift in Sources */ = {isa = PBXBuildFile; fileRef = 2E5F3F442968BB0E00678F0C /* LoginModel.swift */; };
		2E5F3F4B2968BC5700678F0C /* API.swift in Sources */ = {isa = PBXBuildFile; fileRef = 2E5F3F4A2968BC5700678F0C /* API.swift */; };
		2E5F3F4D2968BCED00678F0C /* UserService.swift in Sources */ = {isa = PBXBuildFile; fileRef = 2E5F3F4C2968BCED00678F0C /* UserService.swift */; };
		2E5F3F502968C31200678F0C /* LoginResponse.swift in Sources */ = {isa = PBXBuildFile; fileRef = 2E5F3F4F2968C31200678F0C /* LoginResponse.swift */; };
		2E5F3F542968C97400678F0C /* RegisterViewController.swift in Sources */ = {isa = PBXBuildFile; fileRef = 2E5F3F532968C97400678F0C /* RegisterViewController.swift */; };
		2E5F3F562968CA8C00678F0C /* RegisterResponse.swift in Sources */ = {isa = PBXBuildFile; fileRef = 2E5F3F552968CA8C00678F0C /* RegisterResponse.swift */; };
		2EAF93E7296ADD11006496CC /* TabBarViewController.swift in Sources */ = {isa = PBXBuildFile; fileRef = 2EAF93E6296ADD11006496CC /* TabBarViewController.swift */; };
		2EAF93E9296AE12A006496CC /* HomeViewController.swift in Sources */ = {isa = PBXBuildFile; fileRef = 2EAF93E8296AE12A006496CC /* HomeViewController.swift */; };
		2EAF93EB296AE133006496CC /* ListViewController.swift in Sources */ = {isa = PBXBuildFile; fileRef = 2EAF93EA296AE133006496CC /* ListViewController.swift */; };
		2EAF93ED296AE13E006496CC /* ProfileViewController.swift in Sources */ = {isa = PBXBuildFile; fileRef = 2EAF93EC296AE13E006496CC /* ProfileViewController.swift */; };
		2EAF93EF296C35CF006496CC /* CreateListViewController.swift in Sources */ = {isa = PBXBuildFile; fileRef = 2EAF93EE296C35CF006496CC /* CreateListViewController.swift */; };
		2EAF93F1296C40BA006496CC /* ListService.swift in Sources */ = {isa = PBXBuildFile; fileRef = 2EAF93F0296C40BA006496CC /* ListService.swift */; };
		2EAF93F3296C429C006496CC /* MessageResponse.swift in Sources */ = {isa = PBXBuildFile; fileRef = 2EAF93F2296C429C006496CC /* MessageResponse.swift */; };
		2EB8F8FC2969684900217838 /* MainViewController.swift in Sources */ = {isa = PBXBuildFile; fileRef = 2EB8F8FB2969684900217838 /* MainViewController.swift */; };
/* End PBXBuildFile section */

/* Begin PBXFileReference section */
		2E5F3F232968935B00678F0C /* ToDoList-MVC.app */ = {isa = PBXFileReference; explicitFileType = wrapper.application; includeInIndex = 0; path = "ToDoList-MVC.app"; sourceTree = BUILT_PRODUCTS_DIR; };
		2E5F3F262968935B00678F0C /* AppDelegate.swift */ = {isa = PBXFileReference; lastKnownFileType = sourcecode.swift; path = AppDelegate.swift; sourceTree = "<group>"; };
		2E5F3F282968935B00678F0C /* SceneDelegate.swift */ = {isa = PBXFileReference; lastKnownFileType = sourcecode.swift; path = SceneDelegate.swift; sourceTree = "<group>"; };
		2E5F3F2A2968935B00678F0C /* LoginViewController.swift */ = {isa = PBXFileReference; lastKnownFileType = sourcecode.swift; path = LoginViewController.swift; sourceTree = "<group>"; };
		2E5F3F2D2968935B00678F0C /* Base */ = {isa = PBXFileReference; lastKnownFileType = file.storyboard; name = Base; path = Base.lproj/Main.storyboard; sourceTree = "<group>"; };
		2E5F3F2F2968935D00678F0C /* Assets.xcassets */ = {isa = PBXFileReference; lastKnownFileType = folder.assetcatalog; path = Assets.xcassets; sourceTree = "<group>"; };
		2E5F3F322968935D00678F0C /* Base */ = {isa = PBXFileReference; lastKnownFileType = file.storyboard; name = Base; path = Base.lproj/LaunchScreen.storyboard; sourceTree = "<group>"; };
		2E5F3F342968935D00678F0C /* Info.plist */ = {isa = PBXFileReference; lastKnownFileType = text.plist.xml; path = Info.plist; sourceTree = "<group>"; };
		2E5F3F3E2968BAB400678F0C /* NetworkError.swift */ = {isa = PBXFileReference; lastKnownFileType = sourcecode.swift; path = NetworkError.swift; sourceTree = "<group>"; };
		2E5F3F402968BAC000678F0C /* AuthenticationError.swift */ = {isa = PBXFileReference; lastKnownFileType = sourcecode.swift; path = AuthenticationError.swift; sourceTree = "<group>"; };
		2E5F3F422968BAC900678F0C /* RegisterModel.swift */ = {isa = PBXFileReference; lastKnownFileType = sourcecode.swift; path = RegisterModel.swift; sourceTree = "<group>"; };
		2E5F3F442968BB0E00678F0C /* LoginModel.swift */ = {isa = PBXFileReference; lastKnownFileType = sourcecode.swift; path = LoginModel.swift; sourceTree = "<group>"; };
		2E5F3F4A2968BC5700678F0C /* API.swift */ = {isa = PBXFileReference; lastKnownFileType = sourcecode.swift; path = API.swift; sourceTree = "<group>"; };
		2E5F3F4C2968BCED00678F0C /* UserService.swift */ = {isa = PBXFileReference; lastKnownFileType = sourcecode.swift; path = UserService.swift; sourceTree = "<group>"; };
		2E5F3F4F2968C31200678F0C /* LoginResponse.swift */ = {isa = PBXFileReference; lastKnownFileType = sourcecode.swift; path = LoginResponse.swift; sourceTree = "<group>"; };
		2E5F3F532968C97400678F0C /* RegisterViewController.swift */ = {isa = PBXFileReference; lastKnownFileType = sourcecode.swift; path = RegisterViewController.swift; sourceTree = "<group>"; };
		2E5F3F552968CA8C00678F0C /* RegisterResponse.swift */ = {isa = PBXFileReference; lastKnownFileType = sourcecode.swift; path = RegisterResponse.swift; sourceTree = "<group>"; };
		2EAF93E6296ADD11006496CC /* TabBarViewController.swift */ = {isa = PBXFileReference; lastKnownFileType = sourcecode.swift; path = TabBarViewController.swift; sourceTree = "<group>"; };
		2EAF93E8296AE12A006496CC /* HomeViewController.swift */ = {isa = PBXFileReference; lastKnownFileType = sourcecode.swift; path = HomeViewController.swift; sourceTree = "<group>"; };
		2EAF93EA296AE133006496CC /* ListViewController.swift */ = {isa = PBXFileReference; lastKnownFileType = sourcecode.swift; path = ListViewController.swift; sourceTree = "<group>"; };
		2EAF93EC296AE13E006496CC /* ProfileViewController.swift */ = {isa = PBXFileReference; lastKnownFileType = sourcecode.swift; path = ProfileViewController.swift; sourceTree = "<group>"; };
		2EAF93EE296C35CF006496CC /* CreateListViewController.swift */ = {isa = PBXFileReference; lastKnownFileType = sourcecode.swift; path = CreateListViewController.swift; sourceTree = "<group>"; };
		2EAF93F0296C40BA006496CC /* ListService.swift */ = {isa = PBXFileReference; lastKnownFileType = sourcecode.swift; path = ListService.swift; sourceTree = "<group>"; };
		2EAF93F2296C429C006496CC /* MessageResponse.swift */ = {isa = PBXFileReference; lastKnownFileType = sourcecode.swift; path = MessageResponse.swift; sourceTree = "<group>"; };
		2EB8F8FB2969684900217838 /* MainViewController.swift */ = {isa = PBXFileReference; lastKnownFileType = sourcecode.swift; path = MainViewController.swift; sourceTree = "<group>"; };
/* End PBXFileReference section */

/* Begin PBXFrameworksBuildPhase section */
		2E5F3F202968935B00678F0C /* Frameworks */ = {
			isa = PBXFrameworksBuildPhase;
			buildActionMask = 2147483647;
			files = (
			);
			runOnlyForDeploymentPostprocessing = 0;
		};
/* End PBXFrameworksBuildPhase section */

/* Begin PBXGroup section */
		2E5F3F1A2968935B00678F0C = {
			isa = PBXGroup;
			children = (
				2E5F3F252968935B00678F0C /* ToDoList-MVC */,
				2E5F3F242968935B00678F0C /* Products */,
			);
			sourceTree = "<group>";
		};
		2E5F3F242968935B00678F0C /* Products */ = {
			isa = PBXGroup;
			children = (
				2E5F3F232968935B00678F0C /* ToDoList-MVC.app */,
			);
			name = Products;
			sourceTree = "<group>";
		};
		2E5F3F252968935B00678F0C /* ToDoList-MVC */ = {
			isa = PBXGroup;
			children = (
				2E5F3F4E2968BE9700678F0C /* Delegates */,
				2E5F3F492968BC3700678F0C /* Utilities */,
				2E5F3F462968BC0000678F0C /* Services */,
				2E5F3F3D2968B01F00678F0C /* ViewControllers */,
				2E5F3F3C2968B01800678F0C /* Models */,
				2E5F3F3B2968B01100678F0C /* Responses */,
				2E5F3F3A2968B00800678F0C /* Errors */,
				2E5F3F262968935B00678F0C /* AppDelegate.swift */,
				2E5F3F282968935B00678F0C /* SceneDelegate.swift */,
				2E5F3F2C2968935B00678F0C /* Main.storyboard */,
				2E5F3F2F2968935D00678F0C /* Assets.xcassets */,
				2E5F3F312968935D00678F0C /* LaunchScreen.storyboard */,
				2E5F3F342968935D00678F0C /* Info.plist */,
			);
			path = "ToDoList-MVC";
			sourceTree = "<group>";
		};
		2E5F3F3A2968B00800678F0C /* Errors */ = {
			isa = PBXGroup;
			children = (
				2E5F3F3E2968BAB400678F0C /* NetworkError.swift */,
				2E5F3F402968BAC000678F0C /* AuthenticationError.swift */,
			);
			path = Errors;
			sourceTree = "<group>";
		};
		2E5F3F3B2968B01100678F0C /* Responses */ = {
			isa = PBXGroup;
			children = (
				2E5F3F4F2968C31200678F0C /* LoginResponse.swift */,
				2E5F3F552968CA8C00678F0C /* RegisterResponse.swift */,
				2EAF93F2296C429C006496CC /* MessageResponse.swift */,
			);
			path = Responses;
			sourceTree = "<group>";
		};
		2E5F3F3C2968B01800678F0C /* Models */ = {
			isa = PBXGroup;
			children = (
				2E5F3F422968BAC900678F0C /* RegisterModel.swift */,
				2E5F3F442968BB0E00678F0C /* LoginModel.swift */,
			);
			path = Models;
			sourceTree = "<group>";
		};
		2E5F3F3D2968B01F00678F0C /* ViewControllers */ = {
			isa = PBXGroup;
			children = (
				2E5F3F2A2968935B00678F0C /* LoginViewController.swift */,
				2E5F3F532968C97400678F0C /* RegisterViewController.swift */,
				2EB8F8FB2969684900217838 /* MainViewController.swift */,
				2EAF93E6296ADD11006496CC /* TabBarViewController.swift */,
				2EAF93E8296AE12A006496CC /* HomeViewController.swift */,
				2EAF93EA296AE133006496CC /* ListViewController.swift */,
				2EAF93EC296AE13E006496CC /* ProfileViewController.swift */,
				2EAF93EE296C35CF006496CC /* CreateListViewController.swift */,
			);
			path = ViewControllers;
			sourceTree = "<group>";
		};
		2E5F3F462968BC0000678F0C /* Services */ = {
			isa = PBXGroup;
			children = (
				2E5F3F4C2968BCED00678F0C /* UserService.swift */,
				2EAF93F0296C40BA006496CC /* ListService.swift */,
			);
			path = Services;
			sourceTree = "<group>";
		};
		2E5F3F492968BC3700678F0C /* Utilities */ = {
			isa = PBXGroup;
			children = (
				2E5F3F4A2968BC5700678F0C /* API.swift */,
			);
			path = Utilities;
			sourceTree = "<group>";
		};
		2E5F3F4E2968BE9700678F0C /* Delegates */ = {
			isa = PBXGroup;
			children = (
			);
			path = Delegates;
			sourceTree = "<group>";
		};
/* End PBXGroup section */

/* Begin PBXNativeTarget section */
		2E5F3F222968935B00678F0C /* ToDoList-MVC */ = {
			isa = PBXNativeTarget;
			buildConfigurationList = 2E5F3F372968935D00678F0C /* Build configuration list for PBXNativeTarget "ToDoList-MVC" */;
			buildPhases = (
				2E5F3F1F2968935B00678F0C /* Sources */,
				2E5F3F202968935B00678F0C /* Frameworks */,
				2E5F3F212968935B00678F0C /* Resources */,
			);
			buildRules = (
			);
			dependencies = (
			);
			name = "ToDoList-MVC";
			productName = "ToDoList-MVC";
			productReference = 2E5F3F232968935B00678F0C /* ToDoList-MVC.app */;
			productType = "com.apple.product-type.application";
		};
/* End PBXNativeTarget section */

/* Begin PBXProject section */
		2E5F3F1B2968935B00678F0C /* Project object */ = {
			isa = PBXProject;
			attributes = {
				BuildIndependentTargetsInParallel = 1;
				LastSwiftUpdateCheck = 1410;
				LastUpgradeCheck = 1410;
				TargetAttributes = {
					2E5F3F222968935B00678F0C = {
						CreatedOnToolsVersion = 14.1;
					};
				};
			};
			buildConfigurationList = 2E5F3F1E2968935B00678F0C /* Build configuration list for PBXProject "ToDoList-MVC" */;
			compatibilityVersion = "Xcode 14.0";
			developmentRegion = en;
			hasScannedForEncodings = 0;
			knownRegions = (
				en,
				Base,
			);
			mainGroup = 2E5F3F1A2968935B00678F0C;
			productRefGroup = 2E5F3F242968935B00678F0C /* Products */;
			projectDirPath = "";
			projectRoot = "";
			targets = (
				2E5F3F222968935B00678F0C /* ToDoList-MVC */,
			);
		};
/* End PBXProject section */

/* Begin PBXResourcesBuildPhase section */
		2E5F3F212968935B00678F0C /* Resources */ = {
			isa = PBXResourcesBuildPhase;
			buildActionMask = 2147483647;
			files = (
				2E5F3F332968935D00678F0C /* LaunchScreen.storyboard in Resources */,
				2E5F3F302968935D00678F0C /* Assets.xcassets in Resources */,
				2E5F3F2E2968935B00678F0C /* Main.storyboard in Resources */,
			);
			runOnlyForDeploymentPostprocessing = 0;
		};
/* End PBXResourcesBuildPhase section */

/* Begin PBXSourcesBuildPhase section */
		2E5F3F1F2968935B00678F0C /* Sources */ = {
			isa = PBXSourcesBuildPhase;
			buildActionMask = 2147483647;
			files = (
				2EAF93F3296C429C006496CC /* MessageResponse.swift in Sources */,
				2E5F3F2B2968935B00678F0C /* LoginViewController.swift in Sources */,
				2EB8F8FC2969684900217838 /* MainViewController.swift in Sources */,
				2E5F3F542968C97400678F0C /* RegisterViewController.swift in Sources */,
				2E5F3F452968BB0E00678F0C /* LoginModel.swift in Sources */,
				2EAF93E7296ADD11006496CC /* TabBarViewController.swift in Sources */,
				2EAF93F1296C40BA006496CC /* ListService.swift in Sources */,
				2EAF93E9296AE12A006496CC /* HomeViewController.swift in Sources */,
				2E5F3F4D2968BCED00678F0C /* UserService.swift in Sources */,
				2EAF93ED296AE13E006496CC /* ProfileViewController.swift in Sources */,
				2E5F3F3F2968BAB400678F0C /* NetworkError.swift in Sources */,
				2E5F3F502968C31200678F0C /* LoginResponse.swift in Sources */,
				2E5F3F432968BAC900678F0C /* RegisterModel.swift in Sources */,
				2E5F3F272968935B00678F0C /* AppDelegate.swift in Sources */,
				2EAF93EF296C35CF006496CC /* CreateListViewController.swift in Sources */,
				2E5F3F412968BAC000678F0C /* AuthenticationError.swift in Sources */,
				2E5F3F562968CA8C00678F0C /* RegisterResponse.swift in Sources */,
				2E5F3F292968935B00678F0C /* SceneDelegate.swift in Sources */,
				2EAF93EB296AE133006496CC /* ListViewController.swift in Sources */,
				2E5F3F4B2968BC5700678F0C /* API.swift in Sources */,
			);
			runOnlyForDeploymentPostprocessing = 0;
		};
/* End PBXSourcesBuildPhase section */

/* Begin PBXVariantGroup section */
		2E5F3F2C2968935B00678F0C /* Main.storyboard */ = {
			isa = PBXVariantGroup;
			children = (
				2E5F3F2D2968935B00678F0C /* Base */,
			);
			name = Main.storyboard;
			sourceTree = "<group>";
		};
		2E5F3F312968935D00678F0C /* LaunchScreen.storyboard */ = {
			isa = PBXVariantGroup;
			children = (
				2E5F3F322968935D00678F0C /* Base */,
			);
			name = LaunchScreen.storyboard;
			sourceTree = "<group>";
		};
/* End PBXVariantGroup section */

/* Begin XCBuildConfiguration section */
		2E5F3F352968935D00678F0C /* Debug */ = {
			isa = XCBuildConfiguration;
			buildSettings = {
				ALWAYS_SEARCH_USER_PATHS = NO;
				CLANG_ANALYZER_NONNULL = YES;
				CLANG_ANALYZER_NUMBER_OBJECT_CONVERSION = YES_AGGRESSIVE;
				CLANG_CXX_LANGUAGE_STANDARD = "gnu++20";
				CLANG_ENABLE_MODULES = YES;
				CLANG_ENABLE_OBJC_ARC = YES;
				CLANG_ENABLE_OBJC_WEAK = YES;
				CLANG_WARN_BLOCK_CAPTURE_AUTORELEASING = YES;
				CLANG_WARN_BOOL_CONVERSION = YES;
				CLANG_WARN_COMMA = YES;
				CLANG_WARN_CONSTANT_CONVERSION = YES;
				CLANG_WARN_DEPRECATED_OBJC_IMPLEMENTATIONS = YES;
				CLANG_WARN_DIRECT_OBJC_ISA_USAGE = YES_ERROR;
				CLANG_WARN_DOCUMENTATION_COMMENTS = YES;
				CLANG_WARN_EMPTY_BODY = YES;
				CLANG_WARN_ENUM_CONVERSION = YES;
				CLANG_WARN_INFINITE_RECURSION = YES;
				CLANG_WARN_INT_CONVERSION = YES;
				CLANG_WARN_NON_LITERAL_NULL_CONVERSION = YES;
				CLANG_WARN_OBJC_IMPLICIT_RETAIN_SELF = YES;
				CLANG_WARN_OBJC_LITERAL_CONVERSION = YES;
				CLANG_WARN_OBJC_ROOT_CLASS = YES_ERROR;
				CLANG_WARN_QUOTED_INCLUDE_IN_FRAMEWORK_HEADER = YES;
				CLANG_WARN_RANGE_LOOP_ANALYSIS = YES;
				CLANG_WARN_STRICT_PROTOTYPES = YES;
				CLANG_WARN_SUSPICIOUS_MOVE = YES;
				CLANG_WARN_UNGUARDED_AVAILABILITY = YES_AGGRESSIVE;
				CLANG_WARN_UNREACHABLE_CODE = YES;
				CLANG_WARN__DUPLICATE_METHOD_MATCH = YES;
				COPY_PHASE_STRIP = NO;
				DEBUG_INFORMATION_FORMAT = dwarf;
				ENABLE_STRICT_OBJC_MSGSEND = YES;
				ENABLE_TESTABILITY = YES;
				GCC_C_LANGUAGE_STANDARD = gnu11;
				GCC_DYNAMIC_NO_PIC = NO;
				GCC_NO_COMMON_BLOCKS = YES;
				GCC_OPTIMIZATION_LEVEL = 0;
				GCC_PREPROCESSOR_DEFINITIONS = (
					"DEBUG=1",
					"$(inherited)",
				);
				GCC_WARN_64_TO_32_BIT_CONVERSION = YES;
				GCC_WARN_ABOUT_RETURN_TYPE = YES_ERROR;
				GCC_WARN_UNDECLARED_SELECTOR = YES;
				GCC_WARN_UNINITIALIZED_AUTOS = YES_AGGRESSIVE;
				GCC_WARN_UNUSED_FUNCTION = YES;
				GCC_WARN_UNUSED_VARIABLE = YES;
				IPHONEOS_DEPLOYMENT_TARGET = 16.1;
				MTL_ENABLE_DEBUG_INFO = INCLUDE_SOURCE;
				MTL_FAST_MATH = YES;
				ONLY_ACTIVE_ARCH = YES;
				SDKROOT = iphoneos;
				SWIFT_ACTIVE_COMPILATION_CONDITIONS = DEBUG;
				SWIFT_OPTIMIZATION_LEVEL = "-Onone";
			};
			name = Debug;
		};
		2E5F3F362968935D00678F0C /* Release */ = {
			isa = XCBuildConfiguration;
			buildSettings = {
				ALWAYS_SEARCH_USER_PATHS = NO;
				CLANG_ANALYZER_NONNULL = YES;
				CLANG_ANALYZER_NUMBER_OBJECT_CONVERSION = YES_AGGRESSIVE;
				CLANG_CXX_LANGUAGE_STANDARD = "gnu++20";
				CLANG_ENABLE_MODULES = YES;
				CLANG_ENABLE_OBJC_ARC = YES;
				CLANG_ENABLE_OBJC_WEAK = YES;
				CLANG_WARN_BLOCK_CAPTURE_AUTORELEASING = YES;
				CLANG_WARN_BOOL_CONVERSION = YES;
				CLANG_WARN_COMMA = YES;
				CLANG_WARN_CONSTANT_CONVERSION = YES;
				CLANG_WARN_DEPRECATED_OBJC_IMPLEMENTATIONS = YES;
				CLANG_WARN_DIRECT_OBJC_ISA_USAGE = YES_ERROR;
				CLANG_WARN_DOCUMENTATION_COMMENTS = YES;
				CLANG_WARN_EMPTY_BODY = YES;
				CLANG_WARN_ENUM_CONVERSION = YES;
				CLANG_WARN_INFINITE_RECURSION = YES;
				CLANG_WARN_INT_CONVERSION = YES;
				CLANG_WARN_NON_LITERAL_NULL_CONVERSION = YES;
				CLANG_WARN_OBJC_IMPLICIT_RETAIN_SELF = YES;
				CLANG_WARN_OBJC_LITERAL_CONVERSION = YES;
				CLANG_WARN_OBJC_ROOT_CLASS = YES_ERROR;
				CLANG_WARN_QUOTED_INCLUDE_IN_FRAMEWORK_HEADER = YES;
				CLANG_WARN_RANGE_LOOP_ANALYSIS = YES;
				CLANG_WARN_STRICT_PROTOTYPES = YES;
				CLANG_WARN_SUSPICIOUS_MOVE = YES;
				CLANG_WARN_UNGUARDED_AVAILABILITY = YES_AGGRESSIVE;
				CLANG_WARN_UNREACHABLE_CODE = YES;
				CLANG_WARN__DUPLICATE_METHOD_MATCH = YES;
				COPY_PHASE_STRIP = NO;
				DEBUG_INFORMATION_FORMAT = "dwarf-with-dsym";
				ENABLE_NS_ASSERTIONS = NO;
				ENABLE_STRICT_OBJC_MSGSEND = YES;
				GCC_C_LANGUAGE_STANDARD = gnu11;
				GCC_NO_COMMON_BLOCKS = YES;
				GCC_WARN_64_TO_32_BIT_CONVERSION = YES;
				GCC_WARN_ABOUT_RETURN_TYPE = YES_ERROR;
				GCC_WARN_UNDECLARED_SELECTOR = YES;
				GCC_WARN_UNINITIALIZED_AUTOS = YES_AGGRESSIVE;
				GCC_WARN_UNUSED_FUNCTION = YES;
				GCC_WARN_UNUSED_VARIABLE = YES;
				IPHONEOS_DEPLOYMENT_TARGET = 16.1;
				MTL_ENABLE_DEBUG_INFO = NO;
				MTL_FAST_MATH = YES;
				SDKROOT = iphoneos;
				SWIFT_COMPILATION_MODE = wholemodule;
				SWIFT_OPTIMIZATION_LEVEL = "-O";
				VALIDATE_PRODUCT = YES;
			};
			name = Release;
		};
		2E5F3F382968935D00678F0C /* Debug */ = {
			isa = XCBuildConfiguration;
			buildSettings = {
				ASSETCATALOG_COMPILER_APPICON_NAME = AppIcon;
				ASSETCATALOG_COMPILER_GLOBAL_ACCENT_COLOR_NAME = AccentColor;
				CODE_SIGN_STYLE = Automatic;
				CURRENT_PROJECT_VERSION = 1;
				DEVELOPMENT_TEAM = K2GZT8VA4V;
				GENERATE_INFOPLIST_FILE = YES;
				INFOPLIST_FILE = "ToDoList-MVC/Info.plist";
				INFOPLIST_KEY_UIApplicationSupportsIndirectInputEvents = YES;
				INFOPLIST_KEY_UILaunchStoryboardName = LaunchScreen;
				INFOPLIST_KEY_UIMainStoryboardFile = Main;
				INFOPLIST_KEY_UISupportedInterfaceOrientations_iPad = "UIInterfaceOrientationPortrait UIInterfaceOrientationPortraitUpsideDown UIInterfaceOrientationLandscapeLeft UIInterfaceOrientationLandscapeRight";
				INFOPLIST_KEY_UISupportedInterfaceOrientations_iPhone = "UIInterfaceOrientationPortrait UIInterfaceOrientationLandscapeLeft UIInterfaceOrientationLandscapeRight";
				LD_RUNPATH_SEARCH_PATHS = (
					"$(inherited)",
					"@executable_path/Frameworks",
				);
				MARKETING_VERSION = 1.0;
				PRODUCT_BUNDLE_IDENTIFIER = "com.ardijorganxhi.ToDoList-MVC";
				PRODUCT_NAME = "$(TARGET_NAME)";
				SWIFT_EMIT_LOC_STRINGS = YES;
				SWIFT_VERSION = 5.0;
				TARGETED_DEVICE_FAMILY = "1,2";
			};
			name = Debug;
		};
		2E5F3F392968935D00678F0C /* Release */ = {
			isa = XCBuildConfiguration;
			buildSettings = {
				ASSETCATALOG_COMPILER_APPICON_NAME = AppIcon;
				ASSETCATALOG_COMPILER_GLOBAL_ACCENT_COLOR_NAME = AccentColor;
				CODE_SIGN_STYLE = Automatic;
				CURRENT_PROJECT_VERSION = 1;
				DEVELOPMENT_TEAM = K2GZT8VA4V;
				GENERATE_INFOPLIST_FILE = YES;
				INFOPLIST_FILE = "ToDoList-MVC/Info.plist";
				INFOPLIST_KEY_UIApplicationSupportsIndirectInputEvents = YES;
				INFOPLIST_KEY_UILaunchStoryboardName = LaunchScreen;
				INFOPLIST_KEY_UIMainStoryboardFile = Main;
				INFOPLIST_KEY_UISupportedInterfaceOrientations_iPad = "UIInterfaceOrientationPortrait UIInterfaceOrientationPortraitUpsideDown UIInterfaceOrientationLandscapeLeft UIInterfaceOrientationLandscapeRight";
				INFOPLIST_KEY_UISupportedInterfaceOrientations_iPhone = "UIInterfaceOrientationPortrait UIInterfaceOrientationLandscapeLeft UIInterfaceOrientationLandscapeRight";
				LD_RUNPATH_SEARCH_PATHS = (
					"$(inherited)",
					"@executable_path/Frameworks",
				);
				MARKETING_VERSION = 1.0;
				PRODUCT_BUNDLE_IDENTIFIER = "com.ardijorganxhi.ToDoList-MVC";
				PRODUCT_NAME = "$(TARGET_NAME)";
				SWIFT_EMIT_LOC_STRINGS = YES;
				SWIFT_VERSION = 5.0;
				TARGETED_DEVICE_FAMILY = "1,2";
			};
			name = Release;
		};
/* End XCBuildConfiguration section */

/* Begin XCConfigurationList section */
		2E5F3F1E2968935B00678F0C /* Build configuration list for PBXProject "ToDoList-MVC" */ = {
			isa = XCConfigurationList;
			buildConfigurations = (
				2E5F3F352968935D00678F0C /* Debug */,
				2E5F3F362968935D00678F0C /* Release */,
			);
			defaultConfigurationIsVisible = 0;
			defaultConfigurationName = Release;
		};
		2E5F3F372968935D00678F0C /* Build configuration list for PBXNativeTarget "ToDoList-MVC" */ = {
			isa = XCConfigurationList;
			buildConfigurations = (
				2E5F3F382968935D00678F0C /* Debug */,
				2E5F3F392968935D00678F0C /* Release */,
			);
			defaultConfigurationIsVisible = 0;
			defaultConfigurationName = Release;
		};
/* End XCConfigurationList section */
	};
	rootObject = 2E5F3F1B2968935B00678F0C /* Project object */;
}
